PODS:
  - AXAttributedString (0.2.5):
    - AXAttributedString/Core (= 0.2.5)
    - AXAttributedString/UIKit (= 0.2.5)
  - AXAttributedString/Core (0.2.5)
  - AXAttributedString/UIKit (0.2.5):
    - AXAttributedString/Core

DEPENDENCIES:
  - AXAttributedString (from `../`)

EXTERNAL SOURCES:
  AXAttributedString:
    :path: "../"

SPEC CHECKSUMS:
  AXAttributedString: 8bab56215d9a5703e8ec8cd76cf99ae2847a6b5e

PODFILE CHECKSUM: 07ee694c27e7a928017030ceca796af73a612d42

COCOAPODS: 1.9.1
